{
  "requires": true,
  "lockfileVersion": 1,
  "dependencies": {
    "@agm/core": {
      "version": "1.0.0-beta.6",
      "resolved": "https://registry.npmjs.org/@agm/core/-/core-1.0.0-beta.6.tgz",
      "integrity": "sha512-Bf6azUVIZYwgUWUNISaENh38D17XJxgKU7m1TNTrP+sIgYjPrjEON8mxoGnYI8B7PBbdaWl6RPV/FcrEfSG9Ng=="
    },
    "@types/googlemaps": {
      "version": "3.36.4",
      "resolved": "https://registry.npmjs.org/@types/googlemaps/-/googlemaps-3.36.4.tgz",
      "integrity": "sha512-NKbP/msrLgdPApBFXXPOPQ3N2VexLd4ohe2m0UF0Dv/k4bnWTtUuAa0XS314aICJ6IZ2JrafONSiBBn/WE1iXw==",
      "dev": true
    }
  }
}
